// !$*UTF8*$!
{
	archiveVersion = 1;
	classes = {
	};
	objectVersion = 56;
	objects = {

/* Begin PBXBuildFile section */
		C0B232339B104C8DB16CE167 /* TimeBasedFiltering.swift in Sources */ = {isa = PBXBuildFile; fileRef = 1244A8185B9D4D43AA24E95F /* TimeBasedFiltering.swift */; };
		68177D87446E4578990B1A68 /* TimeBasedFilteringTests.swift in Sources */ = {isa = PBXBuildFile; fileRef = 8B6A9D22B2034E8B89EB90E7 /* TimeBasedFilteringTests.swift */; };
		09C605D4ECFE482CB8B94769 /* SettingsViewModelDebounceTests.swift in Sources */ = {isa = PBXBuildFile; fileRef = C6D25857F997414DA062882A /* SettingsViewModelDebounceTests.swift */; };
		2C3D4E5F6789012345678901 /* MockDataGeneratorTests.swift in Sources */ = {isa = PBXBuildFile; fileRef = 1C3D4E5F6789012345678901 /* MockDataGeneratorTests.swift */; };
		7B8A9C0D1E2F345678901234 /* DebouncedTask.swift in Sources */ = {isa = PBXBuildFile; fileRef = 6B8A9C0D1E2F345678901234 /* DebouncedTask.swift */; };
		9A1B2C3D4E5F678901234567 /* DebouncedTaskTests.swift in Sources */ = {isa = PBXBuildFile; fileRef = 8A1B2C3D4E5F678901234567 /* DebouncedTaskTests.swift */; };
		CDEEBCB818E54BDFACEA0AFC /* AsyncTestHelpers.swift in Sources */ = {isa = PBXBuildFile; fileRef = 684FD7FE47794EA28B7EBC3C /* AsyncTestHelpers.swift */; };
		E10000000000000000000001 /* BruteCastApp.swift in Sources */ = {isa = PBXBuildFile; fileRef = E20000000000000000000001 /* BruteCastApp.swift */; };
		E10000000000000000000010 /* City.swift in Sources */ = {isa = PBXBuildFile; fileRef = E20000000000000000000010 /* City.swift */; };
		E10000000000000000000011 /* HourlyWeather.swift in Sources */ = {isa = PBXBuildFile; fileRef = E20000000000000000000011 /* HourlyWeather.swift */; };
		E10000000000000000000012 /* WeatherAlert.swift in Sources */ = {isa = PBXBuildFile; fileRef = E20000000000000000000012 /* WeatherAlert.swift */; };
		E10000000000000000000013 /* Theme.swift in Sources */ = {isa = PBXBuildFile; fileRef = E20000000000000000000013 /* Theme.swift */; };
		E10000000000000000000014 /* AppSettings.swift in Sources */ = {isa = PBXBuildFile; fileRef = E20000000000000000000014 /* AppSettings.swift */; };
		E10000000000000000000020 /* WeatherService.swift in Sources */ = {isa = PBXBuildFile; fileRef = E20000000000000000000020 /* WeatherService.swift */; };
		E10000000000000000000021 /* AlertService.swift in Sources */ = {isa = PBXBuildFile; fileRef = E20000000000000000000021 /* AlertService.swift */; };
		E10000000000000000000022 /* GeocodingService.swift in Sources */ = {isa = PBXBuildFile; fileRef = E20000000000000000000022 /* GeocodingService.swift */; };
		E10000000000000000000023 /* LocationService.swift in Sources */ = {isa = PBXBuildFile; fileRef = E20000000000000000000023 /* LocationService.swift */; };
		E10000000000000000000030 /* WeatherViewModel.swift in Sources */ = {isa = PBXBuildFile; fileRef = E20000000000000000000030 /* WeatherViewModel.swift */; };
		E10000000000000000000031 /* SettingsViewModel.swift in Sources */ = {isa = PBXBuildFile; fileRef = E20000000000000000000031 /* SettingsViewModel.swift */; };
		E10000000000000000000032 /* CitySearchViewModel.swift in Sources */ = {isa = PBXBuildFile; fileRef = E20000000000000000000032 /* CitySearchViewModel.swift */; };
		E10000000000000000000040 /* MainView.swift in Sources */ = {isa = PBXBuildFile; fileRef = E20000000000000000000040 /* MainView.swift */; };
		E10000000000000000000041 /* HeaderView.swift in Sources */ = {isa = PBXBuildFile; fileRef = E20000000000000000000041 /* HeaderView.swift */; };
		E10000000000000000000042 /* CityRowView.swift in Sources */ = {isa = PBXBuildFile; fileRef = E20000000000000000000042 /* CityRowView.swift */; };
		E10000000000000000000043 /* CityPickerView.swift in Sources */ = {isa = PBXBuildFile; fileRef = E20000000000000000000043 /* CityPickerView.swift */; };
		E10000000000000000000044 /* SettingsView.swift in Sources */ = {isa = PBXBuildFile; fileRef = E20000000000000000000044 /* SettingsView.swift */; };
		E10000000000000000000050 /* BaseGraphView.swift in Sources */ = {isa = PBXBuildFile; fileRef = E20000000000000000000050 /* BaseGraphView.swift */; };
		E10000000000000000000051 /* TemperatureGraphView.swift in Sources */ = {isa = PBXBuildFile; fileRef = E20000000000000000000051 /* TemperatureGraphView.swift */; };
		E10000000000000000000052 /* WindGraphView.swift in Sources */ = {isa = PBXBuildFile; fileRef = E20000000000000000000052 /* WindGraphView.swift */; };
		E10000000000000000000053 /* PrecipitationGraphView.swift in Sources */ = {isa = PBXBuildFile; fileRef = E20000000000000000000053 /* PrecipitationGraphView.swift */; };
		E10000000000000000000060 /* TouchDetailOverlay.swift in Sources */ = {isa = PBXBuildFile; fileRef = E20000000000000000000060 /* TouchDetailOverlay.swift */; };
		E10000000000000000000061 /* AlertTintOverlay.swift in Sources */ = {isa = PBXBuildFile; fileRef = E20000000000000000000061 /* AlertTintOverlay.swift */; };
		E10000000000000000000062 /* AlertBadgeView.swift in Sources */ = {isa = PBXBuildFile; fileRef = E20000000000000000000062 /* AlertBadgeView.swift */; };
		E10000000000000000000063 /* AlertPopoverView.swift in Sources */ = {isa = PBXBuildFile; fileRef = E20000000000000000000063 /* AlertPopoverView.swift */; };
		E10000000000000000000070 /* MockWeatherData.swift in Sources */ = {isa = PBXBuildFile; fileRef = E20000000000000000000070 /* MockWeatherData.swift */; };
		E10000000000000000000071 /* MockCities.swift in Sources */ = {isa = PBXBuildFile; fileRef = E20000000000000000000071 /* MockCities.swift */; };
		E10000000000000000000072 /* MockAlerts.swift in Sources */ = {isa = PBXBuildFile; fileRef = E20000000000000000000072 /* MockAlerts.swift */; };
		E10000000000000000000073 /* MockDataGenerator.swift in Sources */ = {isa = PBXBuildFile; fileRef = E20000000000000000000073 /* MockDataGenerator.swift */; };
		E10000000000000000000080 /* SharedTypes.swift in Sources */ = {isa = PBXBuildFile; fileRef = E20000000000000000000080 /* SharedTypes.swift */; };
		E10000000000000000000081 /* AppGroup.swift in Sources */ = {isa = PBXBuildFile; fileRef = E20000000000000000000081 /* AppGroup.swift */; };
		E10000000000000000000090 /* Assets.xcassets in Resources */ = {isa = PBXBuildFile; fileRef = E20000000000000000000090 /* Assets.xcassets */; };
		E10000000000000000000091 /* JetBrainsMono-Regular.ttf in Resources */ = {isa = PBXBuildFile; fileRef = E20000000000000000000091 /* JetBrainsMono-Regular.ttf */; };
		E10000000000000000000092 /* JetBrainsMono-Bold.ttf in Resources */ = {isa = PBXBuildFile; fileRef = E20000000000000000000092 /* JetBrainsMono-Bold.ttf */; };
		E10000000000000000000100 /* BruteCastWidget.swift in Sources */ = {isa = PBXBuildFile; fileRef = E20000000000000000000100 /* BruteCastWidget.swift */; };
		E10000000000000000000101 /* SmallWidgetView.swift in Sources */ = {isa = PBXBuildFile; fileRef = E20000000000000000000101 /* SmallWidgetView.swift */; };
		E10000000000000000000102 /* MediumWidgetView.swift in Sources */ = {isa = PBXBuildFile; fileRef = E20000000000000000000102 /* MediumWidgetView.swift */; };
		E10000000000000000000103 /* LargeWidgetView.swift in Sources */ = {isa = PBXBuildFile; fileRef = E20000000000000000000103 /* LargeWidgetView.swift */; };
		E10000000000000000000104 /* WidgetAssets.xcassets in Resources */ = {isa = PBXBuildFile; fileRef = E20000000000000000000104 /* WidgetAssets.xcassets */; };
		E10000000000000000000105 /* WidgetBundle.swift in Sources */ = {isa = PBXBuildFile; fileRef = E20000000000000000000105 /* WidgetBundle.swift */; };
		E10000000000000000000106 /* BruteCastWidgetExtension.appex in Embed Foundation Extensions */ = {isa = PBXBuildFile; fileRef = E70000000000000000000004 /* BruteCastWidgetExtension.appex */; settings = {ATTRIBUTES = (RemoveHeadersOnCopy, ); }; };
		E10000000000000000000110 /* SharedTypes.swift in Sources */ = {isa = PBXBuildFile; fileRef = E20000000000000000000080 /* SharedTypes.swift */; };
		E10000000000000000000111 /* AppGroup.swift in Sources */ = {isa = PBXBuildFile; fileRef = E20000000000000000000081 /* AppGroup.swift */; };
		E10000000000000000000112 /* City.swift in Sources */ = {isa = PBXBuildFile; fileRef = E20000000000000000000010 /* City.swift */; };
		E10000000000000000000113 /* HourlyWeather.swift in Sources */ = {isa = PBXBuildFile; fileRef = E20000000000000000000011 /* HourlyWeather.swift */; };
		E10000000000000000000114 /* Theme.swift in Sources */ = {isa = PBXBuildFile; fileRef = E20000000000000000000013 /* Theme.swift */; };
		E10000000000000000000200 /* WeatherServiceTests.swift in Sources */ = {isa = PBXBuildFile; fileRef = E20000000000000000000200 /* WeatherServiceTests.swift */; };
		E10000000000000000000201 /* AlertServiceTests.swift in Sources */ = {isa = PBXBuildFile; fileRef = E20000000000000000000201 /* AlertServiceTests.swift */; };
		E10000000000000000000202 /* GeocodingServiceTests.swift in Sources */ = {isa = PBXBuildFile; fileRef = E20000000000000000000202 /* GeocodingServiceTests.swift */; };
		E10000000000000000000203 /* WeatherViewModelTests.swift in Sources */ = {isa = PBXBuildFile; fileRef = E20000000000000000000203 /* WeatherViewModelTests.swift */; };
		E10000000000000000000204 /* SettingsViewModelTests.swift in Sources */ = {isa = PBXBuildFile; fileRef = E20000000000000000000204 /* SettingsViewModelTests.swift */; };
		E10000000000000000000212 /* CitySearchViewModelDebounceTests.swift in Sources */ = {isa = PBXBuildFile; fileRef = E20000000000000000000212 /* CitySearchViewModelDebounceTests.swift */; };
		E10000000000000000000205 /* CityTests.swift in Sources */ = {isa = PBXBuildFile; fileRef = E20000000000000000000205 /* CityTests.swift */; };
		E10000000000000000000206 /* ThemeTests.swift in Sources */ = {isa = PBXBuildFile; fileRef = E20000000000000000000206 /* ThemeTests.swift */; };
		E10000000000000000000207 /* MockURLProtocol.swift in Sources */ = {isa = PBXBuildFile; fileRef = E20000000000000000000207 /* MockURLProtocol.swift */; };
		E10000000000000000000208 /* MockLocationService.swift in Sources */ = {isa = PBXBuildFile; fileRef = E20000000000000000000208 /* MockLocationService.swift */; };
		E10000000000000000000209 /* ReliabilityRunnerTests.swift in Sources */ = {isa = PBXBuildFile; fileRef = E20000000000000000000209 /* ReliabilityRunnerTests.swift */; };
		684FD7FE47794EA28B7EBC3C /* AsyncTestHelpers.swift */ = {isa = PBXFileReference; lastKnownFileType = sourcecode.swift; path = AsyncTestHelpers.swift; sourceTree = "<group>"; };
		E10000000000000000000210 /* ReliabilityRunner.swift in Sources */ = {isa = PBXBuildFile; fileRef = E20000000000000000000210 /* ReliabilityRunner.swift */; };
		E10000000000000000000211 /* AsyncTestHelpersTests.swift in Sources */ = {isa = PBXBuildFile; fileRef = E20000000000000000000211 /* AsyncTestHelpersTests.swift */; };
		E10000000000000000000300 /* LaunchTests.swift in Sources */ = {isa = PBXBuildFile; fileRef = E20000000000000000000300 /* LaunchTests.swift */; };
		E10000000000000000000301 /* CitySelectionTests.swift in Sources */ = {isa = PBXBuildFile; fileRef = E20000000000000000000301 /* CitySelectionTests.swift */; };
		E10000000000000000000302 /* NavigationTests.swift in Sources */ = {isa = PBXBuildFile; fileRef = E20000000000000000000302 /* NavigationTests.swift */; };
		E10000000000000000000303 /* InteractionTests.swift in Sources */ = {isa = PBXBuildFile; fileRef = E20000000000000000000303 /* InteractionTests.swift */; };
		EF0000000000000000000001 /* SnapshotTesting in Frameworks */ = {isa = PBXBuildFile; productRef = EF0000000000000000000002 /* SnapshotTesting */; };
/* End PBXBuildFile section */

/* Begin PBXContainerItemProxy section */
		E30000000000000000000001 /* PBXContainerItemProxy */ = {
			isa = PBXContainerItemProxy;
			containerPortal = E40000000000000000000001 /* Project object */;
			proxyType = 1;
			remoteGlobalIDString = E50000000000000000000001;
			remoteInfo = BruteCast;
		};
		E30000000000000000000002 /* PBXContainerItemProxy */ = {
			isa = PBXContainerItemProxy;
			containerPortal = E40000000000000000000001 /* Project object */;
			proxyType = 1;
			remoteGlobalIDString = E50000000000000000000001;
			remoteInfo = BruteCast;
		};
		E30000000000000000000010 /* PBXContainerItemProxy */ = {
			isa = PBXContainerItemProxy;
			containerPortal = E40000000000000000000001 /* Project object */;
			proxyType = 1;
			remoteGlobalIDString = E50000000000000000000004;
			remoteInfo = BruteCastWidgetExtension;
		};
/* End PBXContainerItemProxy section */

/* Begin PBXCopyFilesBuildPhase section */
		E60000000000000000000001 /* Embed Foundation Extensions */ = {
			isa = PBXCopyFilesBuildPhase;
			buildActionMask = 2147483647;
			dstPath = "";
			dstSubfolderSpec = 13;
			files = (
				E10000000000000000000106 /* BruteCastWidgetExtension.appex in Embed Foundation Extensions */,
			);
			name = "Embed Foundation Extensions";
			runOnlyForDeploymentPostprocessing = 0;
		};
/* End PBXCopyFilesBuildPhase section */

/* Begin PBXFileReference section */
		1244A8185B9D4D43AA24E95F /* TimeBasedFiltering.swift */ = {isa = PBXFileReference; lastKnownFileType = sourcecode.swift; path = TimeBasedFiltering.swift; sourceTree = "<group>"; };
		8B6A9D22B2034E8B89EB90E7 /* TimeBasedFilteringTests.swift */ = {isa = PBXFileReference; lastKnownFileType = sourcecode.swift; path = TimeBasedFilteringTests.swift; sourceTree = "<group>"; };
		1C3D4E5F6789012345678901 /* MockDataGeneratorTests.swift */ = {isa = PBXFileReference; lastKnownFileType = sourcecode.swift; path = MockDataGeneratorTests.swift; sourceTree = "<group>"; };
		6B8A9C0D1E2F345678901234 /* DebouncedTask.swift */ = {isa = PBXFileReference; lastKnownFileType = sourcecode.swift; path = DebouncedTask.swift; sourceTree = "<group>"; };
		8A1B2C3D4E5F678901234567 /* DebouncedTaskTests.swift */ = {isa = PBXFileReference; lastKnownFileType = sourcecode.swift; path = DebouncedTaskTests.swift; sourceTree = "<group>"; };
		E20000000000000000000001 /* BruteCastApp.swift */ = {isa = PBXFileReference; lastKnownFileType = sourcecode.swift; path = BruteCastApp.swift; sourceTree = "<group>"; };
		E20000000000000000000010 /* City.swift */ = {isa = PBXFileReference; lastKnownFileType = sourcecode.swift; path = City.swift; sourceTree = "<group>"; };
		E20000000000000000000011 /* HourlyWeather.swift */ = {isa = PBXFileReference; lastKnownFileType = sourcecode.swift; path = HourlyWeather.swift; sourceTree = "<group>"; };
		E20000000000000000000012 /* WeatherAlert.swift */ = {isa = PBXFileReference; lastKnownFileType = sourcecode.swift; path = WeatherAlert.swift; sourceTree = "<group>"; };
		E20000000000000000000013 /* Theme.swift */ = {isa = PBXFileReference; lastKnownFileType = sourcecode.swift; path = Theme.swift; sourceTree = "<group>"; };
		E20000000000000000000014 /* AppSettings.swift */ = {isa = PBXFileReference; lastKnownFileType = sourcecode.swift; path = AppSettings.swift; sourceTree = "<group>"; };
		E20000000000000000000020 /* WeatherService.swift */ = {isa = PBXFileReference; lastKnownFileType = sourcecode.swift; path = WeatherService.swift; sourceTree = "<group>"; };
		E20000000000000000000021 /* AlertService.swift */ = {isa = PBXFileReference; lastKnownFileType = sourcecode.swift; path = AlertService.swift; sourceTree = "<group>"; };
		E20000000000000000000022 /* GeocodingService.swift */ = {isa = PBXFileReference; lastKnownFileType = sourcecode.swift; path = GeocodingService.swift; sourceTree = "<group>"; };
		E20000000000000000000023 /* LocationService.swift */ = {isa = PBXFileReference; lastKnownFileType = sourcecode.swift; path = LocationService.swift; sourceTree = "<group>"; };
		E20000000000000000000030 /* WeatherViewModel.swift */ = {isa = PBXFileReference; lastKnownFileType = sourcecode.swift; path = WeatherViewModel.swift; sourceTree = "<group>"; };
		E20000000000000000000031 /* SettingsViewModel.swift */ = {isa = PBXFileReference; lastKnownFileType = sourcecode.swift; path = SettingsViewModel.swift; sourceTree = "<group>"; };
		E20000000000000000000032 /* CitySearchViewModel.swift */ = {isa = PBXFileReference; lastKnownFileType = sourcecode.swift; path = CitySearchViewModel.swift; sourceTree = "<group>"; };
		E20000000000000000000040 /* MainView.swift */ = {isa = PBXFileReference; lastKnownFileType = sourcecode.swift; path = MainView.swift; sourceTree = "<group>"; };
		E20000000000000000000041 /* HeaderView.swift */ = {isa = PBXFileReference; lastKnownFileType = sourcecode.swift; path = HeaderView.swift; sourceTree = "<group>"; };
		E20000000000000000000042 /* CityRowView.swift */ = {isa = PBXFileReference; lastKnownFileType = sourcecode.swift; path = CityRowView.swift; sourceTree = "<group>"; };
		E20000000000000000000043 /* CityPickerView.swift */ = {isa = PBXFileReference; lastKnownFileType = sourcecode.swift; path = CityPickerView.swift; sourceTree = "<group>"; };
		E20000000000000000000044 /* SettingsView.swift */ = {isa = PBXFileReference; lastKnownFileType = sourcecode.swift; path = SettingsView.swift; sourceTree = "<group>"; };
		E20000000000000000000050 /* BaseGraphView.swift */ = {isa = PBXFileReference; lastKnownFileType = sourcecode.swift; path = BaseGraphView.swift; sourceTree = "<group>"; };
		E20000000000000000000051 /* TemperatureGraphView.swift */ = {isa = PBXFileReference; lastKnownFileType = sourcecode.swift; path = TemperatureGraphView.swift; sourceTree = "<group>"; };
		E20000000000000000000052 /* WindGraphView.swift */ = {isa = PBXFileReference; lastKnownFileType = sourcecode.swift; path = WindGraphView.swift; sourceTree = "<group>"; };
		E20000000000000000000053 /* PrecipitationGraphView.swift */ = {isa = PBXFileReference; lastKnownFileType = sourcecode.swift; path = PrecipitationGraphView.swift; sourceTree = "<group>"; };
		E20000000000000000000060 /* TouchDetailOverlay.swift */ = {isa = PBXFileReference; lastKnownFileType = sourcecode.swift; path = TouchDetailOverlay.swift; sourceTree = "<group>"; };
		E20000000000000000000061 /* AlertTintOverlay.swift */ = {isa = PBXFileReference; lastKnownFileType = sourcecode.swift; path = AlertTintOverlay.swift; sourceTree = "<group>"; };
		E20000000000000000000062 /* AlertBadgeView.swift */ = {isa = PBXFileReference; lastKnownFileType = sourcecode.swift; path = AlertBadgeView.swift; sourceTree = "<group>"; };
		E20000000000000000000063 /* AlertPopoverView.swift */ = {isa = PBXFileReference; lastKnownFileType = sourcecode.swift; path = AlertPopoverView.swift; sourceTree = "<group>"; };
		E20000000000000000000070 /* MockWeatherData.swift */ = {isa = PBXFileReference; lastKnownFileType = sourcecode.swift; path = MockWeatherData.swift; sourceTree = "<group>"; };
		E20000000000000000000071 /* MockCities.swift */ = {isa = PBXFileReference; lastKnownFileType = sourcecode.swift; path = MockCities.swift; sourceTree = "<group>"; };
		E20000000000000000000072 /* MockAlerts.swift */ = {isa = PBXFileReference; lastKnownFileType = sourcecode.swift; path = MockAlerts.swift; sourceTree = "<group>"; };
		E20000000000000000000073 /* MockDataGenerator.swift */ = {isa = PBXFileReference; lastKnownFileType = sourcecode.swift; path = MockDataGenerator.swift; sourceTree = "<group>"; };
		E20000000000000000000080 /* SharedTypes.swift */ = {isa = PBXFileReference; lastKnownFileType = sourcecode.swift; path = SharedTypes.swift; sourceTree = "<group>"; };
		E20000000000000000000081 /* AppGroup.swift */ = {isa = PBXFileReference; lastKnownFileType = sourcecode.swift; path = AppGroup.swift; sourceTree = "<group>"; };
		E20000000000000000000090 /* Assets.xcassets */ = {isa = PBXFileReference; lastKnownFileType = folder.assetcatalog; path = Assets.xcassets; sourceTree = "<group>"; };
		E20000000000000000000091 /* JetBrainsMono-Regular.ttf */ = {isa = PBXFileReference; lastKnownFileType = file; path = "JetBrainsMono-Regular.ttf"; sourceTree = "<group>"; };
		E20000000000000000000092 /* JetBrainsMono-Bold.ttf */ = {isa = PBXFileReference; lastKnownFileType = file; path = "JetBrainsMono-Bold.ttf"; sourceTree = "<group>"; };
		E20000000000000000000100 /* BruteCastWidget.swift */ = {isa = PBXFileReference; lastKnownFileType = sourcecode.swift; path = BruteCastWidget.swift; sourceTree = "<group>"; };
		E20000000000000000000101 /* SmallWidgetView.swift */ = {isa = PBXFileReference; lastKnownFileType = sourcecode.swift; path = SmallWidgetView.swift; sourceTree = "<group>"; };
		E20000000000000000000102 /* MediumWidgetView.swift */ = {isa = PBXFileReference; lastKnownFileType = sourcecode.swift; path = MediumWidgetView.swift; sourceTree = "<group>"; };
		E20000000000000000000103 /* LargeWidgetView.swift */ = {isa = PBXFileReference; lastKnownFileType = sourcecode.swift; path = LargeWidgetView.swift; sourceTree = "<group>"; };
		E20000000000000000000104 /* WidgetAssets.xcassets */ = {isa = PBXFileReference; lastKnownFileType = folder.assetcatalog; path = WidgetAssets.xcassets; sourceTree = "<group>"; };
		E20000000000000000000105 /* WidgetBundle.swift */ = {isa = PBXFileReference; lastKnownFileType = sourcecode.swift; path = WidgetBundle.swift; sourceTree = "<group>"; };
		E20000000000000000000200 /* WeatherServiceTests.swift */ = {isa = PBXFileReference; lastKnownFileType = sourcecode.swift; path = WeatherServiceTests.swift; sourceTree = "<group>"; };
		E20000000000000000000201 /* AlertServiceTests.swift */ = {isa = PBXFileReference; lastKnownFileType = sourcecode.swift; path = AlertServiceTests.swift; sourceTree = "<group>"; };
		E20000000000000000000202 /* GeocodingServiceTests.swift */ = {isa = PBXFileReference; lastKnownFileType = sourcecode.swift; path = GeocodingServiceTests.swift; sourceTree = "<group>"; };
		E20000000000000000000203 /* WeatherViewModelTests.swift */ = {isa = PBXFileReference; lastKnownFileType = sourcecode.swift; path = WeatherViewModelTests.swift; sourceTree = "<group>"; };
		E20000000000000000000204 /* SettingsViewModelTests.swift */ = {isa = PBXFileReference; lastKnownFileType = sourcecode.swift; path = SettingsViewModelTests.swift; sourceTree = "<group>"; };
		C6D25857F997414DA062882A /* SettingsViewModelDebounceTests.swift */ = {isa = PBXFileReference; lastKnownFileType = sourcecode.swift; path = SettingsViewModelDebounceTests.swift; sourceTree = "<group>"; };
		E20000000000000000000212 /* CitySearchViewModelDebounceTests.swift */ = {isa = PBXFileReference; lastKnownFileType = sourcecode.swift; path = CitySearchViewModelDebounceTests.swift; sourceTree = "<group>"; };
		E20000000000000000000205 /* CityTests.swift */ = {isa = PBXFileReference; lastKnownFileType = sourcecode.swift; path = CityTests.swift; sourceTree = "<group>"; };
		E20000000000000000000206 /* ThemeTests.swift */ = {isa = PBXFileReference; lastKnownFileType = sourcecode.swift; path = ThemeTests.swift; sourceTree = "<group>"; };
		E20000000000000000000207 /* MockURLProtocol.swift */ = {isa = PBXFileReference; lastKnownFileType = sourcecode.swift; path = MockURLProtocol.swift; sourceTree = "<group>"; };
		E20000000000000000000208 /* MockLocationService.swift */ = {isa = PBXFileReference; lastKnownFileType = sourcecode.swift; path = MockLocationService.swift; sourceTree = "<group>"; };
		E20000000000000000000209 /* ReliabilityRunnerTests.swift */ = {isa = PBXFileReference; lastKnownFileType = sourcecode.swift; path = ReliabilityRunnerTests.swift; sourceTree = "<group>"; };
		E20000000000000000000210 /* ReliabilityRunner.swift */ = {isa = PBXFileReference; lastKnownFileType = sourcecode.swift; path = ReliabilityRunner.swift; sourceTree = "<group>"; };
		E20000000000000000000211 /* AsyncTestHelpersTests.swift */ = {isa = PBXFileReference; lastKnownFileType = sourcecode.swift; path = AsyncTestHelpersTests.swift; sourceTree = "<group>"; };
		E20000000000000000000300 /* LaunchTests.swift */ = {isa = PBXFileReference; lastKnownFileType = sourcecode.swift; path = LaunchTests.swift; sourceTree = "<group>"; };
		E20000000000000000000301 /* CitySelectionTests.swift */ = {isa = PBXFileReference; lastKnownFileType = sourcecode.swift; path = CitySelectionTests.swift; sourceTree = "<group>"; };
		E20000000000000000000302 /* NavigationTests.swift */ = {isa = PBXFileReference; lastKnownFileType = sourcecode.swift; path = NavigationTests.swift; sourceTree = "<group>"; };
		E20000000000000000000303 /* InteractionTests.swift */ = {isa = PBXFileReference; lastKnownFileType = sourcecode.swift; path = InteractionTests.swift; sourceTree = "<group>"; };
		E20000000000000000000400 /* Info.plist */ = {isa = PBXFileReference; lastKnownFileType = text.plist.xml; path = Info.plist; sourceTree = "<group>"; };
		E70000000000000000000001 /* BruteCast.app */ = {isa = PBXFileReference; explicitFileType = wrapper.application; includeInIndex = 0; path = BruteCast.app; sourceTree = BUILT_PRODUCTS_DIR; };
		E70000000000000000000002 /* BruteCastTests.xctest */ = {isa = PBXFileReference; explicitFileType = wrapper.cfbundle; includeInIndex = 0; path = BruteCastTests.xctest; sourceTree = BUILT_PRODUCTS_DIR; };
		E70000000000000000000003 /* BruteCastUITests.xctest */ = {isa = PBXFileReference; explicitFileType = wrapper.cfbundle; includeInIndex = 0; path = BruteCastUITests.xctest; sourceTree = BUILT_PRODUCTS_DIR; };
		E70000000000000000000004 /* BruteCastWidgetExtension.appex */ = {isa = PBXFileReference; explicitFileType = "wrapper.app-extension"; includeInIndex = 0; path = BruteCastWidgetExtension.appex; sourceTree = BUILT_PRODUCTS_DIR; };
/* End PBXFileReference section */

/* Begin PBXFrameworksBuildPhase section */
		E80000000000000000000001 /* Frameworks */ = {
			isa = PBXFrameworksBuildPhase;
			buildActionMask = 2147483647;
			files = (
			);
			runOnlyForDeploymentPostprocessing = 0;
		};
		E80000000000000000000002 /* Frameworks */ = {
			isa = PBXFrameworksBuildPhase;
			buildActionMask = 2147483647;
			files = (
				EF0000000000000000000001 /* SnapshotTesting in Frameworks */,
			);
			runOnlyForDeploymentPostprocessing = 0;
		};
		E80000000000000000000003 /* Frameworks */ = {
			isa = PBXFrameworksBuildPhase;
			buildActionMask = 2147483647;
			files = (
			);
			runOnlyForDeploymentPostprocessing = 0;
		};
		E80000000000000000000004 /* Frameworks */ = {
			isa = PBXFrameworksBuildPhase;
			buildActionMask = 2147483647;
			files = (
			);
			runOnlyForDeploymentPostprocessing = 0;
		};
/* End PBXFrameworksBuildPhase section */

/* Begin PBXGroup section */
		F73291771B2F44C3881B1D16 /* DataPatterns */ = {isa = PBXGroup; children = (
				1244A8185B9D4D43AA24E95F /* TimeBasedFiltering.swift */,
			); path = DataPatterns; sourceTree = "<group>"; };
		E90000000000000000000001 = {
			isa = PBXGroup;
			children = (
				E90000000000000000000010 /* BruteCast */,
				E90000000000000000000020 /* BruteCastTests */,
				E90000000000000000000030 /* BruteCastUITests */,
				E90000000000000000000040 /* BruteCastWidget */,
				E90000000000000000000050 /* Shared */,
				E90000000000000000000002 /* Products */,
			);
			sourceTree = "<group>";
		};
		E90000000000000000000002 /* Products */ = {
			isa = PBXGroup;
			children = (
				E70000000000000000000001 /* BruteCast.app */,
				E70000000000000000000002 /* BruteCastTests.xctest */,
				E70000000000000000000003 /* BruteCastUITests.xctest */,
				E70000000000000000000004 /* BruteCastWidgetExtension.appex */,
			);
			name = Products;
			sourceTree = "<group>";
		};
		E90000000000000000000010 /* BruteCast */ = {
			isa = PBXGroup;
			children = (
				E90000000000000000000011 /* App */,
				E90000000000000000000012 /* Models */,
				E90000000000000000000013 /* Services */,
				E90000000000000000000014 /* ViewModels */,
				E90000000000000000000015 /* Views */,
				E90000000000000000000016 /* Mocks */,
				E90000000000000000000027 /* Patterns */,
				E90000000000000000000017 /* Resources */,
				E20000000000000000000400 /* Info.plist */,
			);
			path = BruteCast;
			sourceTree = "<group>";
		};
		E90000000000000000000011 /* App */ = {
			isa = PBXGroup;
			children = (
				E20000000000000000000001 /* BruteCastApp.swift */,
			);
			path = App;
			sourceTree = "<group>";
		};
		E90000000000000000000012 /* Models */ = {
			isa = PBXGroup;
			children = (
				E20000000000000000000010 /* City.swift */,
				E20000000000000000000011 /* HourlyWeather.swift */,
				E20000000000000000000012 /* WeatherAlert.swift */,
				E20000000000000000000013 /* Theme.swift */,
				E20000000000000000000014 /* AppSettings.swift */,
			);
			path = Models;
			sourceTree = "<group>";
		};
		E90000000000000000000013 /* Services */ = {
			isa = PBXGroup;
			children = (
				E20000000000000000000020 /* WeatherService.swift */,
				E20000000000000000000021 /* AlertService.swift */,
				E20000000000000000000022 /* GeocodingService.swift */,
				E20000000000000000000023 /* LocationService.swift */,
			);
			path = Services;
			sourceTree = "<group>";
		};
		E90000000000000000000014 /* ViewModels */ = {
			isa = PBXGroup;
			children = (
				E20000000000000000000030 /* WeatherViewModel.swift */,
				E20000000000000000000031 /* SettingsViewModel.swift */,
				E20000000000000000000032 /* CitySearchViewModel.swift */,
			
				C6D25857F997414DA062882A /* SettingsViewModelDebounceTests.swift */,);
			path = ViewModels;
			sourceTree = "<group>";
		};
		E90000000000000000000015 /* Views */ = {
			isa = PBXGroup;
			children = (
				E20000000000000000000040 /* MainView.swift */,
				E20000000000000000000041 /* HeaderView.swift */,
				E20000000000000000000042 /* CityRowView.swift */,
				E20000000000000000000043 /* CityPickerView.swift */,
				E20000000000000000000044 /* SettingsView.swift */,
				E90000000000000000000018 /* Graphs */,
				E90000000000000000000019 /* Overlays */,
			);
			path = Views;
			sourceTree = "<group>";
		};
		E90000000000000000000016 /* Mocks */ = {
			isa = PBXGroup;
			children = (
				E20000000000000000000070 /* MockWeatherData.swift */,
				E20000000000000000000071 /* MockCities.swift */,
				E20000000000000000000072 /* MockAlerts.swift */,
				E90000000000000000000029 /* Patterns */,
			);
			path = Mocks;
			sourceTree = "<group>";
		};
		E90000000000000000000029 /* Patterns */ = {
			isa = PBXGroup;
			children = (
				E20000000000000000000073 /* MockDataGenerator.swift */,
							F73291771B2F44C3881B1D16 /* DataPatterns */,
);
			path = Patterns;
			sourceTree = "<group>";
		};
		E90000000000000000000017 /* Resources */ = {
			isa = PBXGroup;
			children = (
				E20000000000000000000090 /* Assets.xcassets */,
				E90000000000000000000060 /* Fonts */,
			);
			path = Resources;
			sourceTree = "<group>";
		};
		E90000000000000000000027 /* Patterns */ = {
			isa = PBXGroup;
			children = (
				E90000000000000000000028 /* AsyncPatterns */,
			);
			path = Patterns;
			sourceTree = "<group>";
		};
		E90000000000000000000028 /* AsyncPatterns */ = {
			isa = PBXGroup;
			children = (
				6B8A9C0D1E2F345678901234 /* DebouncedTask.swift */,
			);
			path = AsyncPatterns;
			sourceTree = "<group>";
		};
		E90000000000000000000018 /* Graphs */ = {
			isa = PBXGroup;
			children = (
				E20000000000000000000050 /* BaseGraphView.swift */,
				E20000000000000000000051 /* TemperatureGraphView.swift */,
				E20000000000000000000052 /* WindGraphView.swift */,
				E20000000000000000000053 /* PrecipitationGraphView.swift */,
			);
			path = Graphs;
			sourceTree = "<group>";
		};
		E90000000000000000000019 /* Overlays */ = {
			isa = PBXGroup;
			children = (
				E20000000000000000000060 /* TouchDetailOverlay.swift */,
				E20000000000000000000061 /* AlertTintOverlay.swift */,
				E20000000000000000000062 /* AlertBadgeView.swift */,
				E20000000000000000000063 /* AlertPopoverView.swift */,
			);
			path = Overlays;
			sourceTree = "<group>";
		};
		E90000000000000000000020 /* BruteCastTests */ = {
			isa = PBXGroup;
			children = (
				E90000000000000000000021 /* Services */,
				E90000000000000000000022 /* ViewModels */,
				E90000000000000000000023 /* Models */,
				E90000000000000000000024 /* Mocks */,
				E90000000000000000000025 /* TestHelpers */,
				E90000000000000000000026 /* PatternTests */,
			);
			path = BruteCastTests;
			sourceTree = "<group>";
		};
		E90000000000000000000021 /* Services */ = {
			isa = PBXGroup;
			children = (
				E20000000000000000000200 /* WeatherServiceTests.swift */,
				E20000000000000000000201 /* AlertServiceTests.swift */,
				E20000000000000000000202 /* GeocodingServiceTests.swift */,
			);
			path = Services;
			sourceTree = "<group>";
		};
		E90000000000000000000022 /* ViewModels */ = {
			isa = PBXGroup;
			children = (
				E20000000000000000000203 /* WeatherViewModelTests.swift */,
				E20000000000000000000204 /* SettingsViewModelTests.swift */,
				E20000000000000000000212 /* CitySearchViewModelDebounceTests.swift */,
			);
			path = ViewModels;
			sourceTree = "<group>";
		};
		E90000000000000000000023 /* Models */ = {
			isa = PBXGroup;
			children = (
				E20000000000000000000205 /* CityTests.swift */,
				E20000000000000000000206 /* ThemeTests.swift */,
			);
			path = Models;
			sourceTree = "<group>";
		};
		E90000000000000000000024 /* Mocks */ = {
			isa = PBXGroup;
			children = (
				E20000000000000000000207 /* MockURLProtocol.swift */,
				E20000000000000000000208 /* MockLocationService.swift */,
			);
			path = Mocks;
			sourceTree = "<group>";
		};
		E90000000000000000000025 /* TestHelpers */ = {
			isa = PBXGroup;
			children = (
				E20000000000000000000210 /* ReliabilityRunner.swift */,
				E20000000000000000000209 /* ReliabilityRunnerTests.swift */,
				E20000000000000000000211 /* AsyncTestHelpersTests.swift */,
				684FD7FE47794EA28B7EBC3C /* AsyncTestHelpers.swift */,);
			path = TestHelpers;
			sourceTree = "<group>";
		};
		E90000000000000000000026 /* PatternTests */ = {
			isa = PBXGroup;
			children = (
				8A1B2C3D4E5F678901234567 /* DebouncedTaskTests.swift */,
				1C3D4E5F6789012345678901 /* MockDataGeneratorTests.swift */,
							8B6A9D22B2034E8B89EB90E7 /* TimeBasedFilteringTests.swift */,
);
			path = PatternTests;
			sourceTree = "<group>";
		};
		E90000000000000000000030 /* BruteCastUITests */ = {
			isa = PBXGroup;
			children = (
				E20000000000000000000300 /* LaunchTests.swift */,
				E20000000000000000000301 /* CitySelectionTests.swift */,
				E20000000000000000000302 /* NavigationTests.swift */,
				E20000000000000000000303 /* InteractionTests.swift */,
			);
			path = BruteCastUITests;
			sourceTree = "<group>";
		};
		E90000000000000000000040 /* BruteCastWidget */ = {
			isa = PBXGroup;
			children = (
				E20000000000000000000100 /* BruteCastWidget.swift */,
				E20000000000000000000101 /* SmallWidgetView.swift */,
				E20000000000000000000102 /* MediumWidgetView.swift */,
				E20000000000000000000103 /* LargeWidgetView.swift */,
				E20000000000000000000104 /* WidgetAssets.xcassets */,
				E20000000000000000000105 /* WidgetBundle.swift */,
			);
			path = BruteCastWidget;
			sourceTree = "<group>";
		};
		E90000000000000000000050 /* Shared */ = {
			isa = PBXGroup;
			children = (
				E20000000000000000000080 /* SharedTypes.swift */,
				E20000000000000000000081 /* AppGroup.swift */,
			);
			path = Shared;
			sourceTree = "<group>";
		};
		E90000000000000000000060 /* Fonts */ = {
			isa = PBXGroup;
			children = (
				E20000000000000000000091 /* JetBrainsMono-Regular.ttf */,
				E20000000000000000000092 /* JetBrainsMono-Bold.ttf */,
			);
			path = Fonts;
			sourceTree = "<group>";
		};
/* End PBXGroup section */

/* Begin PBXNativeTarget section */
		E50000000000000000000001 /* BruteCast */ = {
			isa = PBXNativeTarget;
			buildConfigurationList = EA0000000000000000000001 /* Build configuration list for PBXNativeTarget "BruteCast" */;
			buildPhases = (
				EB0000000000000000000001 /* Sources */,
				E80000000000000000000001 /* Frameworks */,
				EC0000000000000000000001 /* Resources */,
				E60000000000000000000001 /* Embed Foundation Extensions */,
			);
			buildRules = (
			);
			dependencies = (
				E50000000000000000000010 /* PBXTargetDependency */,
			);
			name = BruteCast;
			productName = BruteCast;
			productReference = E70000000000000000000001 /* BruteCast.app */;
			productType = "com.apple.product-type.application";
		};
		E50000000000000000000002 /* BruteCastTests */ = {
			isa = PBXNativeTarget;
			buildConfigurationList = EA0000000000000000000002 /* Build configuration list for PBXNativeTarget "BruteCastTests" */;
			buildPhases = (
				EB0000000000000000000002 /* Sources */,
				E80000000000000000000002 /* Frameworks */,
				EC0000000000000000000002 /* Resources */,
			);
			buildRules = (
			);
			dependencies = (
				E50000000000000000000005 /* PBXTargetDependency */,
			);
			name = BruteCastTests;
			packageProductDependencies = (
				EF0000000000000000000002 /* SnapshotTesting */,
			);
			productName = BruteCastTests;
			productReference = E70000000000000000000002 /* BruteCastTests.xctest */;
			productType = "com.apple.product-type.bundle.unit-test";
		};
		E50000000000000000000003 /* BruteCastUITests */ = {
			isa = PBXNativeTarget;
			buildConfigurationList = EA0000000000000000000003 /* Build configuration list for PBXNativeTarget "BruteCastUITests" */;
			buildPhases = (
				EB0000000000000000000003 /* Sources */,
				E80000000000000000000003 /* Frameworks */,
				EC0000000000000000000003 /* Resources */,
			);
			buildRules = (
			);
			dependencies = (
				E50000000000000000000006 /* PBXTargetDependency */,
			);
			name = BruteCastUITests;
			productName = BruteCastUITests;
			productReference = E70000000000000000000003 /* BruteCastUITests.xctest */;
			productType = "com.apple.product-type.bundle.ui-testing";
		};
		E50000000000000000000004 /* BruteCastWidgetExtension */ = {
			isa = PBXNativeTarget;
			buildConfigurationList = EA0000000000000000000004 /* Build configuration list for PBXNativeTarget "BruteCastWidgetExtension" */;
			buildPhases = (
				EB0000000000000000000004 /* Sources */,
				E80000000000000000000004 /* Frameworks */,
				EC0000000000000000000004 /* Resources */,
			);
			buildRules = (
			);
			dependencies = (
			);
			name = BruteCastWidgetExtension;
			productName = BruteCastWidgetExtension;
			productReference = E70000000000000000000004 /* BruteCastWidgetExtension.appex */;
			productType = "com.apple.product-type.app-extension";
		};
/* End PBXNativeTarget section */

/* Begin PBXProject section */
		E40000000000000000000001 /* Project object */ = {
			isa = PBXProject;
			attributes = {
				BuildIndependentTargetsInParallel = 1;
				LastSwiftUpdateCheck = 1500;
				LastUpgradeCheck = 1500;
				TargetAttributes = {
					E50000000000000000000001 = {
						CreatedOnToolsVersion = 15.0;
					};
					E50000000000000000000002 = {
						CreatedOnToolsVersion = 15.0;
						TestTargetID = E50000000000000000000001;
					};
					E50000000000000000000003 = {
						CreatedOnToolsVersion = 15.0;
						TestTargetID = E50000000000000000000001;
					};
					E50000000000000000000004 = {
						CreatedOnToolsVersion = 15.0;
					};
				};
			};
			buildConfigurationList = EA0000000000000000000000 /* Build configuration list for PBXProject "BruteCast" */;
			compatibilityVersion = "Xcode 14.0";
			developmentRegion = en;
			hasScannedForEncodings = 0;
			knownRegions = (
				en,
				Base,
			);
			mainGroup = E90000000000000000000001;
			packageReferences = (
				EF0000000000000000000003 /* XCRemoteSwiftPackageReference "swift-snapshot-testing" */,
			);
			productRefGroup = E90000000000000000000002 /* Products */;
			projectDirPath = "";
			projectRoot = "";
			targets = (
				E50000000000000000000001 /* BruteCast */,
				E50000000000000000000002 /* BruteCastTests */,
				E50000000000000000000003 /* BruteCastUITests */,
				E50000000000000000000004 /* BruteCastWidgetExtension */,
			);
		};
/* End PBXProject section */

/* Begin PBXResourcesBuildPhase section */
		EC0000000000000000000001 /* Resources */ = {
			isa = PBXResourcesBuildPhase;
			buildActionMask = 2147483647;
			files = (
				E10000000000000000000090 /* Assets.xcassets in Resources */,
				E10000000000000000000091 /* JetBrainsMono-Regular.ttf in Resources */,
				E10000000000000000000092 /* JetBrainsMono-Bold.ttf in Resources */,
			);
			runOnlyForDeploymentPostprocessing = 0;
		};
		EC0000000000000000000002 /* Resources */ = {
			isa = PBXResourcesBuildPhase;
			buildActionMask = 2147483647;
			files = (
			);
			runOnlyForDeploymentPostprocessing = 0;
		};
		EC0000000000000000000003 /* Resources */ = {
			isa = PBXResourcesBuildPhase;
			buildActionMask = 2147483647;
			files = (
			);
			runOnlyForDeploymentPostprocessing = 0;
		};
		EC0000000000000000000004 /* Resources */ = {
			isa = PBXResourcesBuildPhase;
			buildActionMask = 2147483647;
			files = (
				E10000000000000000000104 /* WidgetAssets.xcassets in Resources */,
			);
			runOnlyForDeploymentPostprocessing = 0;
		};
/* End PBXResourcesBuildPhase section */

/* Begin PBXSourcesBuildPhase section */
		EB0000000000000000000001 /* Sources */ = {
			isa = PBXSourcesBuildPhase;
			buildActionMask = 2147483647;
			files = (
				E10000000000000000000001 /* BruteCastApp.swift in Sources */,
				E10000000000000000000010 /* City.swift in Sources */,
				E10000000000000000000011 /* HourlyWeather.swift in Sources */,
				E10000000000000000000012 /* WeatherAlert.swift in Sources */,
				E10000000000000000000013 /* Theme.swift in Sources */,
				E10000000000000000000014 /* AppSettings.swift in Sources */,
				E10000000000000000000020 /* WeatherService.swift in Sources */,
				E10000000000000000000021 /* AlertService.swift in Sources */,
				E10000000000000000000022 /* GeocodingService.swift in Sources */,
				E10000000000000000000023 /* LocationService.swift in Sources */,
				E10000000000000000000030 /* WeatherViewModel.swift in Sources */,
				E10000000000000000000031 /* SettingsViewModel.swift in Sources */,
				E10000000000000000000032 /* CitySearchViewModel.swift in Sources */,
				E10000000000000000000040 /* MainView.swift in Sources */,
				E10000000000000000000041 /* HeaderView.swift in Sources */,
				E10000000000000000000042 /* CityRowView.swift in Sources */,
				E10000000000000000000043 /* CityPickerView.swift in Sources */,
				E10000000000000000000044 /* SettingsView.swift in Sources */,
				E10000000000000000000050 /* BaseGraphView.swift in Sources */,
				E10000000000000000000051 /* TemperatureGraphView.swift in Sources */,
				E10000000000000000000052 /* WindGraphView.swift in Sources */,
				E10000000000000000000053 /* PrecipitationGraphView.swift in Sources */,
				E10000000000000000000060 /* TouchDetailOverlay.swift in Sources */,
				E10000000000000000000061 /* AlertTintOverlay.swift in Sources */,
				E10000000000000000000062 /* AlertBadgeView.swift in Sources */,
				E10000000000000000000063 /* AlertPopoverView.swift in Sources */,
				E10000000000000000000070 /* MockWeatherData.swift in Sources */,
				E10000000000000000000071 /* MockCities.swift in Sources */,
				E10000000000000000000072 /* MockAlerts.swift in Sources */,
				E10000000000000000000073 /* MockDataGenerator.swift in Sources */,
				E10000000000000000000080 /* SharedTypes.swift in Sources */,
				E10000000000000000000081 /* AppGroup.swift in Sources */,
				7B8A9C0D1E2F345678901234 /* DebouncedTask.swift in Sources */,
			);
			runOnlyForDeploymentPostprocessing = 0;
		};
		EB0000000000000000000002 /* Sources */ = {
			isa = PBXSourcesBuildPhase;
			buildActionMask = 2147483647;
			files = (
				E10000000000000000000200 /* WeatherServiceTests.swift in Sources */,
				E10000000000000000000201 /* AlertServiceTests.swift in Sources */,
				E10000000000000000000202 /* GeocodingServiceTests.swift in Sources */,
				E10000000000000000000203 /* WeatherViewModelTests.swift in Sources */,
				E10000000000000000000204 /* SettingsViewModelTests.swift in Sources */,
				E10000000000000000000212 /* CitySearchViewModelDebounceTests.swift in Sources */,
				E10000000000000000000205 /* CityTests.swift in Sources */,
				E10000000000000000000206 /* ThemeTests.swift in Sources */,
				E10000000000000000000207 /* MockURLProtocol.swift in Sources */,
				E10000000000000000000208 /* MockLocationService.swift in Sources */,
				E10000000000000000000210 /* ReliabilityRunner.swift in Sources */,
				E10000000000000000000209 /* ReliabilityRunnerTests.swift in Sources */,
				CDEEBCB818E54BDFACEA0AFC /* AsyncTestHelpers.swift in Sources */,
				E10000000000000000000211 /* AsyncTestHelpersTests.swift in Sources */,
				9A1B2C3D4E5F678901234567 /* DebouncedTaskTests.swift in Sources */,
				2C3D4E5F6789012345678901 /* MockDataGeneratorTests.swift in Sources */,
			);
			runOnlyForDeploymentPostprocessing = 0;
		};
		EB0000000000000000000003 /* Sources */ = {
			isa = PBXSourcesBuildPhase;
			buildActionMask = 2147483647;
			files = (
				E10000000000000000000300 /* LaunchTests.swift in Sources */,
				E10000000000000000000301 /* CitySelectionTests.swift in Sources */,
				E10000000000000000000302 /* NavigationTests.swift in Sources */,
				E10000000000000000000303 /* InteractionTests.swift in Sources */,
			);
			runOnlyForDeploymentPostprocessing = 0;
		};
		EB0000000000000000000004 /* Sources */ = {
			isa = PBXSourcesBuildPhase;
			buildActionMask = 2147483647;
			files = (
				E10000000000000000000100 /* BruteCastWidget.swift in Sources */,
				E10000000000000000000101 /* SmallWidgetView.swift in Sources */,
				E10000000000000000000102 /* MediumWidgetView.swift in Sources */,
				E10000000000000000000103 /* LargeWidgetView.swift in Sources */,
				E10000000000000000000105 /* WidgetBundle.swift in Sources */,
				E10000000000000000000110 /* SharedTypes.swift in Sources */,
				E10000000000000000000111 /* AppGroup.swift in Sources */,
				E10000000000000000000112 /* City.swift in Sources */,
				E10000000000000000000113 /* HourlyWeather.swift in Sources */,
				E10000000000000000000114 /* Theme.swift in Sources */,
			);
			runOnlyForDeploymentPostprocessing = 0;
		};
/* End PBXSourcesBuildPhase section */

/* Begin PBXTargetDependency section */
		E50000000000000000000005 /* PBXTargetDependency */ = {
			isa = PBXTargetDependency;
			target = E50000000000000000000001 /* BruteCast */;
			targetProxy = E30000000000000000000001 /* PBXContainerItemProxy */;
		};
		E50000000000000000000006 /* PBXTargetDependency */ = {
			isa = PBXTargetDependency;
			target = E50000000000000000000001 /* BruteCast */;
			targetProxy = E30000000000000000000002 /* PBXContainerItemProxy */;
		};
		E50000000000000000000010 /* PBXTargetDependency */ = {
			isa = PBXTargetDependency;
			target = E50000000000000000000004 /* BruteCastWidgetExtension */;
			targetProxy = E30000000000000000000010 /* PBXContainerItemProxy */;
		};
/* End PBXTargetDependency section */

/* Begin XCBuildConfiguration section */
		ED0000000000000000000001 /* Debug */ = {
			isa = XCBuildConfiguration;
			buildSettings = {
				ALWAYS_SEARCH_USER_PATHS = NO;
				ASSETCATALOG_COMPILER_GENERATE_SWIFT_ASSET_SYMBOL_EXTENSIONS = YES;
				CLANG_ANALYZER_NONNULL = YES;
				CLANG_ANALYZER_NUMBER_OBJECT_CONVERSION = YES_AGGRESSIVE;
				CLANG_CXX_LANGUAGE_STANDARD = "gnu++20";
				CLANG_ENABLE_MODULES = YES;
				CLANG_ENABLE_OBJC_ARC = YES;
				CLANG_ENABLE_OBJC_WEAK = YES;
				CLANG_WARN_BLOCK_CAPTURE_AUTORELEASING = YES;
				CLANG_WARN_BOOL_CONVERSION = YES;
				CLANG_WARN_COMMA = YES;
				CLANG_WARN_CONSTANT_CONVERSION = YES;
				CLANG_WARN_DEPRECATED_OBJC_IMPLEMENTATIONS = YES;
				CLANG_WARN_DIRECT_OBJC_ISA_USAGE = YES_ERROR;
				CLANG_WARN_DOCUMENTATION_COMMENTS = YES;
				CLANG_WARN_EMPTY_BODY = YES;
				CLANG_WARN_ENUM_CONVERSION = YES;
				CLANG_WARN_INFINITE_RECURSION = YES;
				CLANG_WARN_INT_CONVERSION = YES;
				CLANG_WARN_NON_LITERAL_NULL_CONVERSION = YES;
				CLANG_WARN_OBJC_IMPLICIT_RETAIN_SELF = YES;
				CLANG_WARN_OBJC_LITERAL_CONVERSION = YES;
				CLANG_WARN_OBJC_ROOT_CLASS = YES_ERROR;
				CLANG_WARN_QUOTED_INCLUDE_IN_FRAMEWORK_HEADER = YES;
				CLANG_WARN_RANGE_LOOP_ANALYSIS = YES;
				CLANG_WARN_STRICT_PROTOTYPES = YES;
				CLANG_WARN_SUSPICIOUS_MOVE = YES;
				CLANG_WARN_UNGUARDED_AVAILABILITY = YES_AGGRESSIVE;
				CLANG_WARN_UNREACHABLE_CODE = YES;
				CLANG_WARN__DUPLICATE_METHOD_MATCH = YES;
				COPY_PHASE_STRIP = NO;
				DEBUG_INFORMATION_FORMAT = dwarf;
				ENABLE_STRICT_OBJC_MSGSEND = YES;
				ENABLE_TESTABILITY = YES;
				ENABLE_USER_SCRIPT_SANDBOXING = YES;
				GCC_C_LANGUAGE_STANDARD = gnu17;
				GCC_DYNAMIC_NO_PIC = NO;
				GCC_NO_COMMON_BLOCKS = YES;
				GCC_OPTIMIZATION_LEVEL = 0;
				GCC_PREPROCESSOR_DEFINITIONS = (
					"DEBUG=1",
					"$(inherited)",
				);
				GCC_WARN_64_TO_32_BIT_CONVERSION = YES;
				GCC_WARN_ABOUT_RETURN_TYPE = YES_ERROR;
				GCC_WARN_UNDECLARED_SELECTOR = YES;
				GCC_WARN_UNINITIALIZED_AUTOS = YES_AGGRESSIVE;
				GCC_WARN_UNUSED_FUNCTION = YES;
				GCC_WARN_UNUSED_VARIABLE = YES;
				IPHONEOS_DEPLOYMENT_TARGET = 17.0;
				LOCALIZATION_PREFERS_STRING_CATALOGS = YES;
				MTL_ENABLE_DEBUG_INFO = INCLUDE_SOURCE;
				MTL_FAST_MATH = YES;
				ONLY_ACTIVE_ARCH = YES;
				SDKROOT = iphoneos;
				SWIFT_ACTIVE_COMPILATION_CONDITIONS = "DEBUG $(inherited)";
				SWIFT_OPTIMIZATION_LEVEL = "-Onone";
			};
			name = Debug;
		};
		ED0000000000000000000002 /* Release */ = {
			isa = XCBuildConfiguration;
			buildSettings = {
				ALWAYS_SEARCH_USER_PATHS = NO;
				ASSETCATALOG_COMPILER_GENERATE_SWIFT_ASSET_SYMBOL_EXTENSIONS = YES;
				CLANG_ANALYZER_NONNULL = YES;
				CLANG_ANALYZER_NUMBER_OBJECT_CONVERSION = YES_AGGRESSIVE;
				CLANG_CXX_LANGUAGE_STANDARD = "gnu++20";
				CLANG_ENABLE_MODULES = YES;
				CLANG_ENABLE_OBJC_ARC = YES;
				CLANG_ENABLE_OBJC_WEAK = YES;
				CLANG_WARN_BLOCK_CAPTURE_AUTORELEASING = YES;
				CLANG_WARN_BOOL_CONVERSION = YES;
				CLANG_WARN_COMMA = YES;
				CLANG_WARN_CONSTANT_CONVERSION = YES;
				CLANG_WARN_DEPRECATED_OBJC_IMPLEMENTATIONS = YES;
				CLANG_WARN_DIRECT_OBJC_ISA_USAGE = YES_ERROR;
				CLANG_WARN_DOCUMENTATION_COMMENTS = YES;
				CLANG_WARN_EMPTY_BODY = YES;
				CLANG_WARN_ENUM_CONVERSION = YES;
				CLANG_WARN_INFINITE_RECURSION = YES;
				CLANG_WARN_INT_CONVERSION = YES;
				CLANG_WARN_NON_LITERAL_NULL_CONVERSION = YES;
				CLANG_WARN_OBJC_IMPLICIT_RETAIN_SELF = YES;
				CLANG_WARN_OBJC_LITERAL_CONVERSION = YES;
				CLANG_WARN_OBJC_ROOT_CLASS = YES_ERROR;
				CLANG_WARN_QUOTED_INCLUDE_IN_FRAMEWORK_HEADER = YES;
				CLANG_WARN_RANGE_LOOP_ANALYSIS = YES;
				CLANG_WARN_STRICT_PROTOTYPES = YES;
				CLANG_WARN_SUSPICIOUS_MOVE = YES;
				CLANG_WARN_UNGUARDED_AVAILABILITY = YES_AGGRESSIVE;
				CLANG_WARN_UNREACHABLE_CODE = YES;
				CLANG_WARN__DUPLICATE_METHOD_MATCH = YES;
				COPY_PHASE_STRIP = NO;
				DEBUG_INFORMATION_FORMAT = "dwarf-with-dsym";
				ENABLE_NS_ASSERTIONS = NO;
				ENABLE_STRICT_OBJC_MSGSEND = YES;
				ENABLE_USER_SCRIPT_SANDBOXING = YES;
				GCC_C_LANGUAGE_STANDARD = gnu17;
				GCC_NO_COMMON_BLOCKS = YES;
				GCC_WARN_64_TO_32_BIT_CONVERSION = YES;
				GCC_WARN_ABOUT_RETURN_TYPE = YES_ERROR;
				GCC_WARN_UNDECLARED_SELECTOR = YES;
				GCC_WARN_UNINITIALIZED_AUTOS = YES_AGGRESSIVE;
				GCC_WARN_UNUSED_FUNCTION = YES;
				GCC_WARN_UNUSED_VARIABLE = YES;
				IPHONEOS_DEPLOYMENT_TARGET = 17.0;
				LOCALIZATION_PREFERS_STRING_CATALOGS = YES;
				MTL_ENABLE_DEBUG_INFO = NO;
				MTL_FAST_MATH = YES;
				SDKROOT = iphoneos;
				SWIFT_COMPILATION_MODE = wholemodule;
				VALIDATE_PRODUCT = YES;
			};
			name = Release;
		};
		EE0000000000000000000001 /* Debug */ = {
			isa = XCBuildConfiguration;
			buildSettings = {
				ASSETCATALOG_COMPILER_APPICON_NAME = AppIcon;
				ASSETCATALOG_COMPILER_GLOBAL_ACCENT_COLOR_NAME = AccentColor;
				CODE_SIGN_STYLE = Automatic;
				CURRENT_PROJECT_VERSION = 1;
				DEVELOPMENT_TEAM = 7P25PWN68D;
				GENERATE_INFOPLIST_FILE = YES;
				INFOPLIST_FILE = BruteCast/Info.plist;
				INFOPLIST_KEY_CFBundleDisplayName = BruteCast;
				INFOPLIST_KEY_LSApplicationCategoryType = "public.app-category.weather";
				INFOPLIST_KEY_NSLocationWhenInUseUsageDescription = "BruteCast needs your location to show local weather conditions.";
				INFOPLIST_KEY_UIApplicationSceneManifest_Generation = YES;
				INFOPLIST_KEY_UIApplicationSupportsIndirectInputEvents = YES;
				INFOPLIST_KEY_UILaunchScreen_Generation = YES;
				INFOPLIST_KEY_UISupportedInterfaceOrientations = UIInterfaceOrientationPortrait;
				INFOPLIST_KEY_UISupportedInterfaceOrientations_iPad = "UIInterfaceOrientationLandscapeLeft UIInterfaceOrientationLandscapeRight UIInterfaceOrientationPortrait UIInterfaceOrientationPortraitUpsideDown";
				LD_RUNPATH_SEARCH_PATHS = (
					"$(inherited)",
					"@executable_path/Frameworks",
				);
				MARKETING_VERSION = 1.0;
				PRODUCT_BUNDLE_IDENTIFIER = com.brutecast.app;
				PRODUCT_NAME = "$(TARGET_NAME)";
				SUPPORTED_PLATFORMS = "iphoneos iphonesimulator";
				SUPPORTS_MACCATALYST = NO;
				SWIFT_EMIT_LOC_STRINGS = YES;
				SWIFT_VERSION = 5.0;
				TARGETED_DEVICE_FAMILY = 1;
			};
			name = Debug;
		};
		EE0000000000000000000002 /* Release */ = {
			isa = XCBuildConfiguration;
			buildSettings = {
				ASSETCATALOG_COMPILER_APPICON_NAME = AppIcon;
				ASSETCATALOG_COMPILER_GLOBAL_ACCENT_COLOR_NAME = AccentColor;
				CODE_SIGN_STYLE = Automatic;
				CURRENT_PROJECT_VERSION = 1;
				DEVELOPMENT_TEAM = 7P25PWN68D;
				GENERATE_INFOPLIST_FILE = YES;
				INFOPLIST_FILE = BruteCast/Info.plist;
				INFOPLIST_KEY_CFBundleDisplayName = BruteCast;
				INFOPLIST_KEY_LSApplicationCategoryType = "public.app-category.weather";
				INFOPLIST_KEY_NSLocationWhenInUseUsageDescription = "BruteCast needs your location to show local weather conditions.";
				INFOPLIST_KEY_UIApplicationSceneManifest_Generation = YES;
				INFOPLIST_KEY_UIApplicationSupportsIndirectInputEvents = YES;
				INFOPLIST_KEY_UILaunchScreen_Generation = YES;
				INFOPLIST_KEY_UISupportedInterfaceOrientations = UIInterfaceOrientationPortrait;
				INFOPLIST_KEY_UISupportedInterfaceOrientations_iPad = "UIInterfaceOrientationLandscapeLeft UIInterfaceOrientationLandscapeRight UIInterfaceOrientationPortrait UIInterfaceOrientationPortraitUpsideDown";
				LD_RUNPATH_SEARCH_PATHS = (
					"$(inherited)",
					"@executable_path/Frameworks",
				);
				MARKETING_VERSION = 1.0;
				PRODUCT_BUNDLE_IDENTIFIER = com.brutecast.app;
				PRODUCT_NAME = "$(TARGET_NAME)";
				SUPPORTED_PLATFORMS = "iphoneos iphonesimulator";
				SUPPORTS_MACCATALYST = NO;
				SWIFT_EMIT_LOC_STRINGS = YES;
				SWIFT_VERSION = 5.0;
				TARGETED_DEVICE_FAMILY = 1;
			};
			name = Release;
		};
		EE0000000000000000000003 /* Debug */ = {
			isa = XCBuildConfiguration;
			buildSettings = {
				ALWAYS_EMBED_SWIFT_STANDARD_LIBRARIES = YES;
				BUNDLE_LOADER = "$(TEST_HOST)";
				CODE_SIGN_STYLE = Automatic;
				CURRENT_PROJECT_VERSION = 1;
				DEVELOPMENT_TEAM = "";
				GENERATE_INFOPLIST_FILE = YES;
				IPHONEOS_DEPLOYMENT_TARGET = 17.0;
				MARKETING_VERSION = 1.0;
				PRODUCT_BUNDLE_IDENTIFIER = com.brutecast.app.tests;
				PRODUCT_NAME = "$(TARGET_NAME)";
				SWIFT_EMIT_LOC_STRINGS = NO;
				SWIFT_VERSION = 5.0;
				TARGETED_DEVICE_FAMILY = "1,2";
				TEST_HOST = "$(BUILT_PRODUCTS_DIR)/BruteCast.app/$(BUNDLE_EXECUTABLE_FOLDER_PATH)/BruteCast";
			};
			name = Debug;
		};
		EE0000000000000000000004 /* Release */ = {
			isa = XCBuildConfiguration;
			buildSettings = {
				ALWAYS_EMBED_SWIFT_STANDARD_LIBRARIES = YES;
				BUNDLE_LOADER = "$(TEST_HOST)";
				CODE_SIGN_STYLE = Automatic;
				CURRENT_PROJECT_VERSION = 1;
				DEVELOPMENT_TEAM = "";
				GENERATE_INFOPLIST_FILE = YES;
				IPHONEOS_DEPLOYMENT_TARGET = 17.0;
				MARKETING_VERSION = 1.0;
				PRODUCT_BUNDLE_IDENTIFIER = com.brutecast.app.tests;
				PRODUCT_NAME = "$(TARGET_NAME)";
				SWIFT_EMIT_LOC_STRINGS = NO;
				SWIFT_VERSION = 5.0;
				TARGETED_DEVICE_FAMILY = "1,2";
				TEST_HOST = "$(BUILT_PRODUCTS_DIR)/BruteCast.app/$(BUNDLE_EXECUTABLE_FOLDER_PATH)/BruteCast";
			};
			name = Release;
		};
		EE0000000000000000000005 /* Debug */ = {
			isa = XCBuildConfiguration;
			buildSettings = {
				ALWAYS_EMBED_SWIFT_STANDARD_LIBRARIES = YES;
				CODE_SIGN_STYLE = Automatic;
				CURRENT_PROJECT_VERSION = 1;
				DEVELOPMENT_TEAM = "";
				GENERATE_INFOPLIST_FILE = YES;
				MARKETING_VERSION = 1.0;
				PRODUCT_BUNDLE_IDENTIFIER = com.brutecast.app.uitests;
				PRODUCT_NAME = "$(TARGET_NAME)";
				SWIFT_EMIT_LOC_STRINGS = NO;
				SWIFT_VERSION = 5.0;
				TARGETED_DEVICE_FAMILY = "1,2";
				TEST_TARGET_NAME = BruteCast;
			};
			name = Debug;
		};
		EE0000000000000000000006 /* Release */ = {
			isa = XCBuildConfiguration;
			buildSettings = {
				ALWAYS_EMBED_SWIFT_STANDARD_LIBRARIES = YES;
				CODE_SIGN_STYLE = Automatic;
				CURRENT_PROJECT_VERSION = 1;
				DEVELOPMENT_TEAM = "";
				GENERATE_INFOPLIST_FILE = YES;
				MARKETING_VERSION = 1.0;
				PRODUCT_BUNDLE_IDENTIFIER = com.brutecast.app.uitests;
				PRODUCT_NAME = "$(TARGET_NAME)";
				SWIFT_EMIT_LOC_STRINGS = NO;
				SWIFT_VERSION = 5.0;
				TARGETED_DEVICE_FAMILY = "1,2";
				TEST_TARGET_NAME = BruteCast;
			};
			name = Release;
		};
		EE0000000000000000000007 /* Debug */ = {
			isa = XCBuildConfiguration;
			buildSettings = {
				ASSETCATALOG_COMPILER_GLOBAL_ACCENT_COLOR_NAME = AccentColor;
				ASSETCATALOG_COMPILER_WIDGET_BACKGROUND_COLOR_NAME = WidgetBackground;
				CODE_SIGN_STYLE = Automatic;
				CURRENT_PROJECT_VERSION = 1;
				DEVELOPMENT_TEAM = 7P25PWN68D;
				GENERATE_INFOPLIST_FILE = YES;
				INFOPLIST_FILE = BruteCastWidget/Info.plist;
				INFOPLIST_KEY_CFBundleDisplayName = BruteCastWidget;
				INFOPLIST_KEY_NSHumanReadableCopyright = "";
				LD_RUNPATH_SEARCH_PATHS = (
					"$(inherited)",
					"@executable_path/Frameworks",
					"@executable_path/../../Frameworks",
				);
				MARKETING_VERSION = 1.0;
				PRODUCT_BUNDLE_IDENTIFIER = com.brutecast.app.widget;
				PRODUCT_NAME = "$(TARGET_NAME)";
				SKIP_INSTALL = YES;
				SWIFT_EMIT_LOC_STRINGS = YES;
				SWIFT_VERSION = 5.0;
				TARGETED_DEVICE_FAMILY = 1;
			};
			name = Debug;
		};
		EE0000000000000000000008 /* Release */ = {
			isa = XCBuildConfiguration;
			buildSettings = {
				ASSETCATALOG_COMPILER_GLOBAL_ACCENT_COLOR_NAME = AccentColor;
				ASSETCATALOG_COMPILER_WIDGET_BACKGROUND_COLOR_NAME = WidgetBackground;
				CODE_SIGN_STYLE = Automatic;
				CURRENT_PROJECT_VERSION = 1;
				DEVELOPMENT_TEAM = 7P25PWN68D;
				GENERATE_INFOPLIST_FILE = YES;
				INFOPLIST_FILE = BruteCastWidget/Info.plist;
				INFOPLIST_KEY_CFBundleDisplayName = BruteCastWidget;
				INFOPLIST_KEY_NSHumanReadableCopyright = "";
				LD_RUNPATH_SEARCH_PATHS = (
					"$(inherited)",
					"@executable_path/Frameworks",
					"@executable_path/../../Frameworks",
				);
				MARKETING_VERSION = 1.0;
				PRODUCT_BUNDLE_IDENTIFIER = com.brutecast.app.widget;
				PRODUCT_NAME = "$(TARGET_NAME)";
				SKIP_INSTALL = YES;
				SWIFT_EMIT_LOC_STRINGS = YES;
				SWIFT_VERSION = 5.0;
				TARGETED_DEVICE_FAMILY = 1;
			};
			name = Release;
		};
/* End XCBuildConfiguration section */

/* Begin XCConfigurationList section */
		EA0000000000000000000000 /* Build configuration list for PBXProject "BruteCast" */ = {
			isa = XCConfigurationList;
			buildConfigurations = (
				ED0000000000000000000001 /* Debug */,
				ED0000000000000000000002 /* Release */,
			);
			defaultConfigurationIsVisible = 0;
			defaultConfigurationName = Release;
		};
		EA0000000000000000000001 /* Build configuration list for PBXNativeTarget "BruteCast" */ = {
			isa = XCConfigurationList;
			buildConfigurations = (
				EE0000000000000000000001 /* Debug */,
				EE0000000000000000000002 /* Release */,
			);
			defaultConfigurationIsVisible = 0;
			defaultConfigurationName = Release;
		};
		EA0000000000000000000002 /* Build configuration list for PBXNativeTarget "BruteCastTests" */ = {
			isa = XCConfigurationList;
			buildConfigurations = (
				EE0000000000000000000003 /* Debug */,
				EE0000000000000000000004 /* Release */,
			);
			defaultConfigurationIsVisible = 0;
			defaultConfigurationName = Release;
		};
		EA0000000000000000000003 /* Build configuration list for PBXNativeTarget "BruteCastUITests" */ = {
			isa = XCConfigurationList;
			buildConfigurations = (
				EE0000000000000000000005 /* Debug */,
				EE0000000000000000000006 /* Release */,
			);
			defaultConfigurationIsVisible = 0;
			defaultConfigurationName = Release;
		};
		EA0000000000000000000004 /* Build configuration list for PBXNativeTarget "BruteCastWidgetExtension" */ = {
			isa = XCConfigurationList;
			buildConfigurations = (
				EE0000000000000000000007 /* Debug */,
				EE0000000000000000000008 /* Release */,
			);
			defaultConfigurationIsVisible = 0;
			defaultConfigurationName = Release;
		};
/* End XCConfigurationList section */

/* Begin XCRemoteSwiftPackageReference section */
		EF0000000000000000000003 /* XCRemoteSwiftPackageReference "swift-snapshot-testing" */ = {
			isa = XCRemoteSwiftPackageReference;
			repositoryURL = "https://github.com/pointfreeco/swift-snapshot-testing";
			requirement = {
				kind = upToNextMajorVersion;
				minimumVersion = 1.15.0;
			};
		};
/* End XCRemoteSwiftPackageReference section */

/* Begin XCSwiftPackageProductDependency section */
		EF0000000000000000000002 /* SnapshotTesting */ = {
			isa = XCSwiftPackageProductDependency;
			package = EF0000000000000000000003 /* XCRemoteSwiftPackageReference "swift-snapshot-testing" */;
			productName = SnapshotTesting;
		};
/* End XCSwiftPackageProductDependency section */
	};
	rootObject = E40000000000000000000001 /* Project object */;
}
